// !$*UTF8*$!
{
	archiveVersion = 1;
	classes = {
	};
	objectVersion = 56;
	objects = {

/* Begin PBXBuildFile section */
		6427753829FEE12C00DB0898 /* ComposableArchitecture in Frameworks */ = {isa = PBXBuildFile; productRef = 6427753729FEE12C00DB0898 /* ComposableArchitecture */; };
		644E1F4029FEAE04000376F2 /* RootFeature.swift in Sources */ = {isa = PBXBuildFile; fileRef = 644E1F3F29FEAE04000376F2 /* RootFeature.swift */; };
		644E1F4229FEAF68000376F2 /* MealFeature.swift in Sources */ = {isa = PBXBuildFile; fileRef = 644E1F4129FEAF68000376F2 /* MealFeature.swift */; };
		644E1F4529FEBE6E000376F2 /* RemoteImage.swift in Sources */ = {isa = PBXBuildFile; fileRef = 644E1F4429FEBE6E000376F2 /* RemoteImage.swift */; };
		644E1F4729FED148000376F2 /* MealsModel.swift in Sources */ = {isa = PBXBuildFile; fileRef = 644E1F4629FED148000376F2 /* MealsModel.swift */; };
		644E1F4929FEDE49000376F2 /* RootView.swift in Sources */ = {isa = PBXBuildFile; fileRef = 644E1F4829FEDE49000376F2 /* RootView.swift */; };
		64EC603F29FE77FF00588938 /* AppMain.swift in Sources */ = {isa = PBXBuildFile; fileRef = 64EC603E29FE77FF00588938 /* AppMain.swift */; };
		64EC604329FE780100588938 /* Assets.xcassets in Resources */ = {isa = PBXBuildFile; fileRef = 64EC604229FE780100588938 /* Assets.xcassets */; };
		64EC604629FE780100588938 /* Preview Assets.xcassets in Resources */ = {isa = PBXBuildFile; fileRef = 64EC604529FE780100588938 /* Preview Assets.xcassets */; };
		64EC605029FE780100588938 /* MealSearchTests.swift in Sources */ = {isa = PBXBuildFile; fileRef = 64EC604F29FE780100588938 /* MealSearchTests.swift */; };
		64EC607229FE831400588938 /* MealsListView.swift in Sources */ = {isa = PBXBuildFile; fileRef = 64EC607129FE831400588938 /* MealsListView.swift */; };
		64EC607629FE841F00588938 /* MealsEffects.swift in Sources */ = {isa = PBXBuildFile; fileRef = 64EC607529FE841F00588938 /* MealsEffects.swift */; };
		64EC607829FE898400588938 /* MealModel.swift in Sources */ = {isa = PBXBuildFile; fileRef = 64EC607729FE898400588938 /* MealModel.swift */; };
		64EC607A29FE8EB100588938 /* APIError.swift in Sources */ = {isa = PBXBuildFile; fileRef = 64EC607929FE8EB000588938 /* APIError.swift */; };
		64EC608329FE967700588938 /* SystemEnvironment.swift in Sources */ = {isa = PBXBuildFile; fileRef = 64EC608229FE967700588938 /* SystemEnvironment.swift */; };
/* End PBXBuildFile section */

/* Begin PBXContainerItemProxy section */
		64EC604C29FE780100588938 /* PBXContainerItemProxy */ = {
			isa = PBXContainerItemProxy;
			containerPortal = 64EC603329FE77FF00588938 /* Project object */;
			proxyType = 1;
			remoteGlobalIDString = 64EC603A29FE77FF00588938;
			remoteInfo = Meals;
		};
/* End PBXContainerItemProxy section */

/* Begin PBXFileReference section */
		644E1F3F29FEAE04000376F2 /* RootFeature.swift */ = {isa = PBXFileReference; lastKnownFileType = sourcecode.swift; path = RootFeature.swift; sourceTree = "<group>"; };
		644E1F4129FEAF68000376F2 /* MealFeature.swift */ = {isa = PBXFileReference; lastKnownFileType = sourcecode.swift; path = MealFeature.swift; sourceTree = "<group>"; };
		644E1F4429FEBE6E000376F2 /* RemoteImage.swift */ = {isa = PBXFileReference; lastKnownFileType = sourcecode.swift; path = RemoteImage.swift; sourceTree = "<group>"; };
		644E1F4629FED148000376F2 /* MealsModel.swift */ = {isa = PBXFileReference; lastKnownFileType = sourcecode.swift; path = MealsModel.swift; sourceTree = "<group>"; };
		644E1F4829FEDE49000376F2 /* RootView.swift */ = {isa = PBXFileReference; lastKnownFileType = sourcecode.swift; path = RootView.swift; sourceTree = "<group>"; };
		64EC603B29FE77FF00588938 /* Meals.app */ = {isa = PBXFileReference; explicitFileType = wrapper.application; includeInIndex = 0; path = Meals.app; sourceTree = BUILT_PRODUCTS_DIR; };
		64EC603E29FE77FF00588938 /* AppMain.swift */ = {isa = PBXFileReference; lastKnownFileType = sourcecode.swift; path = AppMain.swift; sourceTree = "<group>"; };
		64EC604229FE780100588938 /* Assets.xcassets */ = {isa = PBXFileReference; lastKnownFileType = folder.assetcatalog; path = Assets.xcassets; sourceTree = "<group>"; };
		64EC604529FE780100588938 /* Preview Assets.xcassets */ = {isa = PBXFileReference; lastKnownFileType = folder.assetcatalog; path = "Preview Assets.xcassets"; sourceTree = "<group>"; };
		64EC604B29FE780100588938 /* MealsTests.xctest */ = {isa = PBXFileReference; explicitFileType = wrapper.cfbundle; includeInIndex = 0; path = MealsTests.xctest; sourceTree = BUILT_PRODUCTS_DIR; };
		64EC604F29FE780100588938 /* MealSearchTests.swift */ = {isa = PBXFileReference; lastKnownFileType = sourcecode.swift; path = MealSearchTests.swift; sourceTree = "<group>"; };
		64EC607129FE831400588938 /* MealsListView.swift */ = {isa = PBXFileReference; lastKnownFileType = sourcecode.swift; path = MealsListView.swift; sourceTree = "<group>"; };
		64EC607529FE841F00588938 /* MealsEffects.swift */ = {isa = PBXFileReference; lastKnownFileType = sourcecode.swift; path = MealsEffects.swift; sourceTree = "<group>"; };
		64EC607729FE898400588938 /* MealModel.swift */ = {isa = PBXFileReference; lastKnownFileType = sourcecode.swift; path = MealModel.swift; sourceTree = "<group>"; };
		64EC607929FE8EB000588938 /* APIError.swift */ = {isa = PBXFileReference; lastKnownFileType = sourcecode.swift; path = APIError.swift; sourceTree = "<group>"; };
		64EC608229FE967700588938 /* SystemEnvironment.swift */ = {isa = PBXFileReference; lastKnownFileType = sourcecode.swift; path = SystemEnvironment.swift; sourceTree = "<group>"; };
/* End PBXFileReference section */

/* Begin PBXFrameworksBuildPhase section */
		64EC603829FE77FF00588938 /* Frameworks */ = {
			isa = PBXFrameworksBuildPhase;
			buildActionMask = 2147483647;
			files = (
				6427753829FEE12C00DB0898 /* ComposableArchitecture in Frameworks */,
			);
			runOnlyForDeploymentPostprocessing = 0;
		};
		64EC604829FE780100588938 /* Frameworks */ = {
			isa = PBXFrameworksBuildPhase;
			buildActionMask = 2147483647;
			files = (
			);
			runOnlyForDeploymentPostprocessing = 0;
		};
/* End PBXFrameworksBuildPhase section */

/* Begin PBXGroup section */
		644E1F3E29FEADF5000376F2 /* Root */ = {
			isa = PBXGroup;
			children = (
				644E1F3F29FEAE04000376F2 /* RootFeature.swift */,
				644E1F4829FEDE49000376F2 /* RootView.swift */,
			);
			name = Root;
			path = Features/Root;
			sourceTree = "<group>";
		};
		644E1F4329FEBE12000376F2 /* Subsystems */ = {
			isa = PBXGroup;
			children = (
				644E1F4429FEBE6E000376F2 /* RemoteImage.swift */,
			);
			path = Subsystems;
			sourceTree = "<group>";
		};
		64EC603229FE77FF00588938 = {
			isa = PBXGroup;
			children = (
				64EC603D29FE77FF00588938 /* Meals */,
				64EC604E29FE780100588938 /* MealsTests */,
				64EC603C29FE77FF00588938 /* Products */,
			);
			sourceTree = "<group>";
		};
		64EC603C29FE77FF00588938 /* Products */ = {
			isa = PBXGroup;
			children = (
				64EC603B29FE77FF00588938 /* Meals.app */,
				64EC604B29FE780100588938 /* MealsTests.xctest */,
			);
			name = Products;
			sourceTree = "<group>";
		};
		64EC603D29FE77FF00588938 /* Meals */ = {
			isa = PBXGroup;
			children = (
				644E1F4329FEBE12000376F2 /* Subsystems */,
				64EC608429FE9EBF00588938 /* Meals */,
				644E1F3E29FEADF5000376F2 /* Root */,
				64EC607F29FE94E100588938 /* App */,
				64EC606D29FE825300588938 /* model */,
				64EC606B29FE824900588938 /* Shared */,
				64EC604229FE780100588938 /* Assets.xcassets */,
				64EC604429FE780100588938 /* Preview Content */,
				64EC607929FE8EB000588938 /* APIError.swift */,
			);
			path = Meals;
			sourceTree = "<group>";
		};
		64EC604429FE780100588938 /* Preview Content */ = {
			isa = PBXGroup;
			children = (
				64EC604529FE780100588938 /* Preview Assets.xcassets */,
			);
			path = "Preview Content";
			sourceTree = "<group>";
		};
		64EC604E29FE780100588938 /* MealsTests */ = {
			isa = PBXGroup;
			children = (
				64EC604F29FE780100588938 /* MealSearchTests.swift */,
			);
			path = MealsTests;
			sourceTree = "<group>";
		};
		64EC606B29FE824900588938 /* Shared */ = {
			isa = PBXGroup;
			children = (
				64EC608229FE967700588938 /* SystemEnvironment.swift */,
			);
			path = Shared;
			sourceTree = "<group>";
		};
		64EC606D29FE825300588938 /* model */ = {
			isa = PBXGroup;
			children = (
				64EC607729FE898400588938 /* MealModel.swift */,
				644E1F4629FED148000376F2 /* MealsModel.swift */,
			);
			path = model;
			sourceTree = "<group>";
		};
		64EC607F29FE94E100588938 /* App */ = {
			isa = PBXGroup;
			children = (
				64EC603E29FE77FF00588938 /* AppMain.swift */,
			);
			path = App;
			sourceTree = "<group>";
		};
		64EC608429FE9EBF00588938 /* Meals */ = {
			isa = PBXGroup;
			children = (
				644E1F4129FEAF68000376F2 /* MealFeature.swift */,
				64EC607129FE831400588938 /* MealsListView.swift */,
				64EC607529FE841F00588938 /* MealsEffects.swift */,
			);
			path = Meals;
			sourceTree = "<group>";
		};
/* End PBXGroup section */

/* Begin PBXNativeTarget section */
		64EC603A29FE77FF00588938 /* Meals */ = {
			isa = PBXNativeTarget;
			buildConfigurationList = 64EC605F29FE780100588938 /* Build configuration list for PBXNativeTarget "Meals" */;
			buildPhases = (
				64EC603729FE77FF00588938 /* Sources */,
				64EC603829FE77FF00588938 /* Frameworks */,
				64EC603929FE77FF00588938 /* Resources */,
			);
			buildRules = (
			);
			dependencies = (
			);
			name = Meals;
			packageProductDependencies = (
				6427753729FEE12C00DB0898 /* ComposableArchitecture */,
			);
			productName = Meals;
			productReference = 64EC603B29FE77FF00588938 /* Meals.app */;
			productType = "com.apple.product-type.application";
		};
		64EC604A29FE780100588938 /* MealsTests */ = {
			isa = PBXNativeTarget;
			buildConfigurationList = 64EC606229FE780100588938 /* Build configuration list for PBXNativeTarget "MealsTests" */;
			buildPhases = (
				64EC604729FE780100588938 /* Sources */,
				64EC604829FE780100588938 /* Frameworks */,
				64EC604929FE780100588938 /* Resources */,
			);
			buildRules = (
			);
			dependencies = (
				64EC604D29FE780100588938 /* PBXTargetDependency */,
			);
			name = MealsTests;
			productName = MealsTests;
			productReference = 64EC604B29FE780100588938 /* MealsTests.xctest */;
			productType = "com.apple.product-type.bundle.unit-test";
		};
/* End PBXNativeTarget section */

/* Begin PBXProject section */
		64EC603329FE77FF00588938 /* Project object */ = {
			isa = PBXProject;
			attributes = {
				BuildIndependentTargetsInParallel = 1;
				LastSwiftUpdateCheck = 1420;
				LastUpgradeCheck = 1420;
				TargetAttributes = {
					64EC603A29FE77FF00588938 = {
						CreatedOnToolsVersion = 14.2;
					};
					64EC604A29FE780100588938 = {
						CreatedOnToolsVersion = 14.2;
						TestTargetID = 64EC603A29FE77FF00588938;
					};
				};
			};
			buildConfigurationList = 64EC603629FE77FF00588938 /* Build configuration list for PBXProject "Meals" */;
			compatibilityVersion = "Xcode 14.0";
			developmentRegion = en;
			hasScannedForEncodings = 0;
			knownRegions = (
				en,
				Base,
			);
			mainGroup = 64EC603229FE77FF00588938;
			packageReferences = (
				6427753629FEE12C00DB0898 /* XCRemoteSwiftPackageReference "swift-composable-architecture" */,
			);
			productRefGroup = 64EC603C29FE77FF00588938 /* Products */;
			projectDirPath = "";
			projectRoot = "";
			targets = (
				64EC603A29FE77FF00588938 /* Meals */,
				64EC604A29FE780100588938 /* MealsTests */,
			);
		};
/* End PBXProject section */

/* Begin PBXResourcesBuildPhase section */
		64EC603929FE77FF00588938 /* Resources */ = {
			isa = PBXResourcesBuildPhase;
			buildActionMask = 2147483647;
			files = (
				64EC604629FE780100588938 /* Preview Assets.xcassets in Resources */,
				64EC604329FE780100588938 /* Assets.xcassets in Resources */,
			);
			runOnlyForDeploymentPostprocessing = 0;
		};
		64EC604929FE780100588938 /* Resources */ = {
			isa = PBXResourcesBuildPhase;
			buildActionMask = 2147483647;
			files = (
			);
			runOnlyForDeploymentPostprocessing = 0;
		};
/* End PBXResourcesBuildPhase section */

/* Begin PBXSourcesBuildPhase section */
		64EC603729FE77FF00588938 /* Sources */ = {
			isa = PBXSourcesBuildPhase;
			buildActionMask = 2147483647;
			files = (
				64EC607829FE898400588938 /* MealModel.swift in Sources */,
				64EC603F29FE77FF00588938 /* AppMain.swift in Sources */,
				64EC607229FE831400588938 /* MealsListView.swift in Sources */,
				644E1F4529FEBE6E000376F2 /* RemoteImage.swift in Sources */,
				64EC608329FE967700588938 /* SystemEnvironment.swift in Sources */,
				644E1F4029FEAE04000376F2 /* RootFeature.swift in Sources */,
				644E1F4229FEAF68000376F2 /* MealFeature.swift in Sources */,
				644E1F4729FED148000376F2 /* MealsModel.swift in Sources */,
				644E1F4929FEDE49000376F2 /* RootView.swift in Sources */,
				64EC607629FE841F00588938 /* MealsEffects.swift in Sources */,
				64EC607A29FE8EB100588938 /* APIError.swift in Sources */,
			);
			runOnlyForDeploymentPostprocessing = 0;
		};
		64EC604729FE780100588938 /* Sources */ = {
			isa = PBXSourcesBuildPhase;
			buildActionMask = 2147483647;
			files = (
				64EC605029FE780100588938 /* MealSearchTests.swift in Sources */,
			);
			runOnlyForDeploymentPostprocessing = 0;
		};
/* End PBXSourcesBuildPhase section */

/* Begin PBXTargetDependency section */
		64EC604D29FE780100588938 /* PBXTargetDependency */ = {
			isa = PBXTargetDependency;
			target = 64EC603A29FE77FF00588938 /* Meals */;
			targetProxy = 64EC604C29FE780100588938 /* PBXContainerItemProxy */;
		};
/* End PBXTargetDependency section */

/* Begin XCBuildConfiguration section */
		64EC605D29FE780100588938 /* Debug */ = {
			isa = XCBuildConfiguration;
			buildSettings = {
				ALWAYS_SEARCH_USER_PATHS = NO;
				CLANG_ANALYZER_NONNULL = YES;
				CLANG_ANALYZER_NUMBER_OBJECT_CONVERSION = YES_AGGRESSIVE;
				CLANG_CXX_LANGUAGE_STANDARD = "gnu++20";
				CLANG_ENABLE_MODULES = YES;
				CLANG_ENABLE_OBJC_ARC = YES;
				CLANG_ENABLE_OBJC_WEAK = YES;
				CLANG_WARN_BLOCK_CAPTURE_AUTORELEASING = YES;
				CLANG_WARN_BOOL_CONVERSION = YES;
				CLANG_WARN_COMMA = YES;
				CLANG_WARN_CONSTANT_CONVERSION = YES;
				CLANG_WARN_DEPRECATED_OBJC_IMPLEMENTATIONS = YES;
				CLANG_WARN_DIRECT_OBJC_ISA_USAGE = YES_ERROR;
				CLANG_WARN_DOCUMENTATION_COMMENTS = YES;
				CLANG_WARN_EMPTY_BODY = YES;
				CLANG_WARN_ENUM_CONVERSION = YES;
				CLANG_WARN_INFINITE_RECURSION = YES;
				CLANG_WARN_INT_CONVERSION = YES;
				CLANG_WARN_NON_LITERAL_NULL_CONVERSION = YES;
				CLANG_WARN_OBJC_IMPLICIT_RETAIN_SELF = YES;
				CLANG_WARN_OBJC_LITERAL_CONVERSION = YES;
				CLANG_WARN_OBJC_ROOT_CLASS = YES_ERROR;
				CLANG_WARN_QUOTED_INCLUDE_IN_FRAMEWORK_HEADER = YES;
				CLANG_WARN_RANGE_LOOP_ANALYSIS = YES;
				CLANG_WARN_STRICT_PROTOTYPES = YES;
				CLANG_WARN_SUSPICIOUS_MOVE = YES;
				CLANG_WARN_UNGUARDED_AVAILABILITY = YES_AGGRESSIVE;
				CLANG_WARN_UNREACHABLE_CODE = YES;
				CLANG_WARN__DUPLICATE_METHOD_MATCH = YES;
				COPY_PHASE_STRIP = NO;
				DEBUG_INFORMATION_FORMAT = dwarf;
				ENABLE_STRICT_OBJC_MSGSEND = YES;
				ENABLE_TESTABILITY = YES;
				GCC_C_LANGUAGE_STANDARD = gnu11;
				GCC_DYNAMIC_NO_PIC = NO;
				GCC_NO_COMMON_BLOCKS = YES;
				GCC_OPTIMIZATION_LEVEL = 0;
				GCC_PREPROCESSOR_DEFINITIONS = (
					"DEBUG=1",
					"$(inherited)",
				);
				GCC_WARN_64_TO_32_BIT_CONVERSION = YES;
				GCC_WARN_ABOUT_RETURN_TYPE = YES_ERROR;
				GCC_WARN_UNDECLARED_SELECTOR = YES;
				GCC_WARN_UNINITIALIZED_AUTOS = YES_AGGRESSIVE;
				GCC_WARN_UNUSED_FUNCTION = YES;
				GCC_WARN_UNUSED_VARIABLE = YES;
				IPHONEOS_DEPLOYMENT_TARGET = 16.0;
				MTL_ENABLE_DEBUG_INFO = INCLUDE_SOURCE;
				MTL_FAST_MATH = YES;
				ONLY_ACTIVE_ARCH = YES;
				SDKROOT = iphoneos;
				SWIFT_ACTIVE_COMPILATION_CONDITIONS = DEBUG;
				SWIFT_OPTIMIZATION_LEVEL = "-Onone";
			};
			name = Debug;
		};
		64EC605E29FE780100588938 /* Release */ = {
			isa = XCBuildConfiguration;
			buildSettings = {
				ALWAYS_SEARCH_USER_PATHS = NO;
				CLANG_ANALYZER_NONNULL = YES;
				CLANG_ANALYZER_NUMBER_OBJECT_CONVERSION = YES_AGGRESSIVE;
				CLANG_CXX_LANGUAGE_STANDARD = "gnu++20";
				CLANG_ENABLE_MODULES = YES;
				CLANG_ENABLE_OBJC_ARC = YES;
				CLANG_ENABLE_OBJC_WEAK = YES;
				CLANG_WARN_BLOCK_CAPTURE_AUTORELEASING = YES;
				CLANG_WARN_BOOL_CONVERSION = YES;
				CLANG_WARN_COMMA = YES;
				CLANG_WARN_CONSTANT_CONVERSION = YES;
				CLANG_WARN_DEPRECATED_OBJC_IMPLEMENTATIONS = YES;
				CLANG_WARN_DIRECT_OBJC_ISA_USAGE = YES_ERROR;
				CLANG_WARN_DOCUMENTATION_COMMENTS = YES;
				CLANG_WARN_EMPTY_BODY = YES;
				CLANG_WARN_ENUM_CONVERSION = YES;
				CLANG_WARN_INFINITE_RECURSION = YES;
				CLANG_WARN_INT_CONVERSION = YES;
				CLANG_WARN_NON_LITERAL_NULL_CONVERSION = YES;
				CLANG_WARN_OBJC_IMPLICIT_RETAIN_SELF = YES;
				CLANG_WARN_OBJC_LITERAL_CONVERSION = YES;
				CLANG_WARN_OBJC_ROOT_CLASS = YES_ERROR;
				CLANG_WARN_QUOTED_INCLUDE_IN_FRAMEWORK_HEADER = YES;
				CLANG_WARN_RANGE_LOOP_ANALYSIS = YES;
				CLANG_WARN_STRICT_PROTOTYPES = YES;
				CLANG_WARN_SUSPICIOUS_MOVE = YES;
				CLANG_WARN_UNGUARDED_AVAILABILITY = YES_AGGRESSIVE;
				CLANG_WARN_UNREACHABLE_CODE = YES;
				CLANG_WARN__DUPLICATE_METHOD_MATCH = YES;
				COPY_PHASE_STRIP = NO;
				DEBUG_INFORMATION_FORMAT = "dwarf-with-dsym";
				ENABLE_NS_ASSERTIONS = NO;
				ENABLE_STRICT_OBJC_MSGSEND = YES;
				GCC_C_LANGUAGE_STANDARD = gnu11;
				GCC_NO_COMMON_BLOCKS = YES;
				GCC_WARN_64_TO_32_BIT_CONVERSION = YES;
				GCC_WARN_ABOUT_RETURN_TYPE = YES_ERROR;
				GCC_WARN_UNDECLARED_SELECTOR = YES;
				GCC_WARN_UNINITIALIZED_AUTOS = YES_AGGRESSIVE;
				GCC_WARN_UNUSED_FUNCTION = YES;
				GCC_WARN_UNUSED_VARIABLE = YES;
				IPHONEOS_DEPLOYMENT_TARGET = 16.0;
				MTL_ENABLE_DEBUG_INFO = NO;
				MTL_FAST_MATH = YES;
				SDKROOT = iphoneos;
				SWIFT_COMPILATION_MODE = wholemodule;
				SWIFT_OPTIMIZATION_LEVEL = "-O";
				VALIDATE_PRODUCT = YES;
			};
			name = Release;
		};
		64EC606029FE780100588938 /* Debug */ = {
			isa = XCBuildConfiguration;
			buildSettings = {
				ASSETCATALOG_COMPILER_APPICON_NAME = AppIcon;
				ASSETCATALOG_COMPILER_GLOBAL_ACCENT_COLOR_NAME = AccentColor;
				CODE_SIGN_STYLE = Automatic;
				CURRENT_PROJECT_VERSION = 1;
				DEVELOPMENT_ASSET_PATHS = "\"Meals/Preview Content\"";
				DEVELOPMENT_TEAM = FHN8RU94TU;
				ENABLE_PREVIEWS = YES;
				GENERATE_INFOPLIST_FILE = YES;
				INFOPLIST_KEY_UIApplicationSceneManifest_Generation = YES;
				INFOPLIST_KEY_UIApplicationSupportsIndirectInputEvents = YES;
				INFOPLIST_KEY_UILaunchScreen_Generation = YES;
				INFOPLIST_KEY_UISupportedInterfaceOrientations_iPad = "UIInterfaceOrientationPortrait UIInterfaceOrientationPortraitUpsideDown UIInterfaceOrientationLandscapeLeft UIInterfaceOrientationLandscapeRight";
				INFOPLIST_KEY_UISupportedInterfaceOrientations_iPhone = "UIInterfaceOrientationPortrait UIInterfaceOrientationLandscapeLeft UIInterfaceOrientationLandscapeRight";
				LD_RUNPATH_SEARCH_PATHS = (
					"$(inherited)",
					"@executable_path/Frameworks",
				);
				MARKETING_VERSION = 1.0;
				PRODUCT_BUNDLE_IDENTIFIER = swiftui.elements.com.Meals;
				PRODUCT_NAME = "$(TARGET_NAME)";
				SWIFT_EMIT_LOC_STRINGS = YES;
				SWIFT_VERSION = 5.0;
				TARGETED_DEVICE_FAMILY = "1,2";
			};
			name = Debug;
		};
		64EC606129FE780100588938 /* Release */ = {
			isa = XCBuildConfiguration;
			buildSettings = {
				ASSETCATALOG_COMPILER_APPICON_NAME = AppIcon;
				ASSETCATALOG_COMPILER_GLOBAL_ACCENT_COLOR_NAME = AccentColor;
				CODE_SIGN_STYLE = Automatic;
				CURRENT_PROJECT_VERSION = 1;
				DEVELOPMENT_ASSET_PATHS = "\"Meals/Preview Content\"";
				DEVELOPMENT_TEAM = FHN8RU94TU;
				ENABLE_PREVIEWS = YES;
				GENERATE_INFOPLIST_FILE = YES;
				INFOPLIST_KEY_UIApplicationSceneManifest_Generation = YES;
				INFOPLIST_KEY_UIApplicationSupportsIndirectInputEvents = YES;
				INFOPLIST_KEY_UILaunchScreen_Generation = YES;
				INFOPLIST_KEY_UISupportedInterfaceOrientations_iPad = "UIInterfaceOrientationPortrait UIInterfaceOrientationPortraitUpsideDown UIInterfaceOrientationLandscapeLeft UIInterfaceOrientationLandscapeRight";
				INFOPLIST_KEY_UISupportedInterfaceOrientations_iPhone = "UIInterfaceOrientationPortrait UIInterfaceOrientationLandscapeLeft UIInterfaceOrientationLandscapeRight";
				LD_RUNPATH_SEARCH_PATHS = (
					"$(inherited)",
					"@executable_path/Frameworks",
				);
				MARKETING_VERSION = 1.0;
				PRODUCT_BUNDLE_IDENTIFIER = swiftui.elements.com.Meals;
				PRODUCT_NAME = "$(TARGET_NAME)";
				SWIFT_EMIT_LOC_STRINGS = YES;
				SWIFT_VERSION = 5.0;
				TARGETED_DEVICE_FAMILY = "1,2";
			};
			name = Release;
		};
		64EC606329FE780100588938 /* Debug */ = {
			isa = XCBuildConfiguration;
			buildSettings = {
				ALWAYS_EMBED_SWIFT_STANDARD_LIBRARIES = YES;
				BUNDLE_LOADER = "$(TEST_HOST)";
				CODE_SIGN_STYLE = Automatic;
				CURRENT_PROJECT_VERSION = 1;
				DEVELOPMENT_TEAM = FHN8RU94TU;
				GENERATE_INFOPLIST_FILE = YES;
				IPHONEOS_DEPLOYMENT_TARGET = 16.0;
				MARKETING_VERSION = 1.0;
				PRODUCT_BUNDLE_IDENTIFIER = swiftui.elements.com.MealsTests;
				PRODUCT_NAME = "$(TARGET_NAME)";
				SWIFT_EMIT_LOC_STRINGS = NO;
				SWIFT_VERSION = 5.0;
				TARGETED_DEVICE_FAMILY = "1,2";
				TEST_HOST = "$(BUILT_PRODUCTS_DIR)/Meals.app/$(BUNDLE_EXECUTABLE_FOLDER_PATH)/Meals";
			};
			name = Debug;
		};
		64EC606429FE780100588938 /* Release */ = {
			isa = XCBuildConfiguration;
			buildSettings = {
				ALWAYS_EMBED_SWIFT_STANDARD_LIBRARIES = YES;
				BUNDLE_LOADER = "$(TEST_HOST)";
				CODE_SIGN_STYLE = Automatic;
				CURRENT_PROJECT_VERSION = 1;
				DEVELOPMENT_TEAM = FHN8RU94TU;
				GENERATE_INFOPLIST_FILE = YES;
				IPHONEOS_DEPLOYMENT_TARGET = 16.0;
				MARKETING_VERSION = 1.0;
				PRODUCT_BUNDLE_IDENTIFIER = swiftui.elements.com.MealsTests;
				PRODUCT_NAME = "$(TARGET_NAME)";
				SWIFT_EMIT_LOC_STRINGS = NO;
				SWIFT_VERSION = 5.0;
				TARGETED_DEVICE_FAMILY = "1,2";
				TEST_HOST = "$(BUILT_PRODUCTS_DIR)/Meals.app/$(BUNDLE_EXECUTABLE_FOLDER_PATH)/Meals";
			};
			name = Release;
		};
/* End XCBuildConfiguration section */

/* Begin XCConfigurationList section */
		64EC603629FE77FF00588938 /* Build configuration list for PBXProject "Meals" */ = {
			isa = XCConfigurationList;
			buildConfigurations = (
				64EC605D29FE780100588938 /* Debug */,
				64EC605E29FE780100588938 /* Release */,
			);
			defaultConfigurationIsVisible = 0;
			defaultConfigurationName = Release;
		};
		64EC605F29FE780100588938 /* Build configuration list for PBXNativeTarget "Meals" */ = {
			isa = XCConfigurationList;
			buildConfigurations = (
				64EC606029FE780100588938 /* Debug */,
				64EC606129FE780100588938 /* Release */,
			);
			defaultConfigurationIsVisible = 0;
			defaultConfigurationName = Release;
		};
		64EC606229FE780100588938 /* Build configuration list for PBXNativeTarget "MealsTests" */ = {
			isa = XCConfigurationList;
			buildConfigurations = (
				64EC606329FE780100588938 /* Debug */,
				64EC606429FE780100588938 /* Release */,
			);
			defaultConfigurationIsVisible = 0;
			defaultConfigurationName = Release;
		};
/* End XCConfigurationList section */

/* Begin XCRemoteSwiftPackageReference section */
		6427753629FEE12C00DB0898 /* XCRemoteSwiftPackageReference "swift-composable-architecture" */ = {
			isa = XCRemoteSwiftPackageReference;
			repositoryURL = "https://github.com/pointfreeco/swift-composable-architecture";
			requirement = {
				kind = upToNextMajorVersion;
				minimumVersion = 0.18.0;
			};
		};
/* End XCRemoteSwiftPackageReference section */

/* Begin XCSwiftPackageProductDependency section */
		6427753729FEE12C00DB0898 /* ComposableArchitecture */ = {
			isa = XCSwiftPackageProductDependency;
			package = 6427753629FEE12C00DB0898 /* XCRemoteSwiftPackageReference "swift-composable-architecture" */;
			productName = ComposableArchitecture;
		};
/* End XCSwiftPackageProductDependency section */
	};
	rootObject = 64EC603329FE77FF00588938 /* Project object */;
}
